// !$*UTF8*$!
{
	"archiveVersion" = 1;
	"classes" = {
	};
	"objectVersion" = 60;
	"objects" = {
		"412C9ECF0550E310C76E1955" = {
			"isa" = "PBXFileReference";
			"lastKnownFileType" = "sourcecode.swift";
			"path" = "Sufler/Core/MovieValidation.swift";
			"sourceTree" = "SOURCE_ROOT";
		};
		"9964B7AE287D632CF8591FD6" = {
			"isa" = "PBXFileReference";
			"lastKnownFileType" = "sourcecode.swift";
			"path" = "Sufler/Core/RecordingState.swift";
			"sourceTree" = "SOURCE_ROOT";
		};
		"D5E7BCD93C63EC5CB130892B" = {
			"isa" = "PBXFileReference";
			"lastKnownFileType" = "sourcecode.swift";
			"path" = "Sufler/Core/ScrollClock.swift";
			"sourceTree" = "SOURCE_ROOT";
		};
		"86DDCDDF95A7146711CFF325" = {
			"isa" = "PBXFileReference";
			"lastKnownFileType" = "sourcecode.swift";
			"path" = "Sufler/Core/TakeFiles.swift";
			"sourceTree" = "SOURCE_ROOT";
		};
		"B2C01B32BD4D4BECFEB0FD06" = {
			"isa" = "PBXFileReference";
			"lastKnownFileType" = "sourcecode.swift";
			"path" = "Sufler/Models/Models.swift";
			"sourceTree" = "SOURCE_ROOT";
		};
		"14B20EC0317B2BDC1A28C68B" = {
			"isa" = "PBXFileReference";
			"lastKnownFileType" = "sourcecode.swift";
			"path" = "Sufler/Services/CameraService.swift";
			"sourceTree" = "SOURCE_ROOT";
		};
		"61CB77DFEC9E234358591100" = {
			"isa" = "PBXFileReference";
			"lastKnownFileType" = "sourcecode.swift";
			"path" = "Sufler/Services/LibraryStore.swift";
			"sourceTree" = "SOURCE_ROOT";
		};
		"833E680574E52F08CE52700C" = {
			"isa" = "PBXFileReference";
			"lastKnownFileType" = "sourcecode.swift";
			"path" = "Sufler/Services/PhotoExporter.swift";
			"sourceTree" = "SOURCE_ROOT";
		};
		"AA2846E0B647654EA11A9A1E" = {
			"isa" = "PBXFileReference";
			"lastKnownFileType" = "sourcecode.swift";
			"path" = "Sufler/Services/RecordingModel.swift";
			"sourceTree" = "SOURCE_ROOT";
		};
		"2C410A449BE3449548038ADF" = {
			"isa" = "PBXFileReference";
			"lastKnownFileType" = "sourcecode.swift";
			"path" = "Sufler/SuflerApp.swift";
			"sourceTree" = "SOURCE_ROOT";
		};
		"39868077E3911A158D76BF89" = {
			"isa" = "PBXFileReference";
			"lastKnownFileType" = "sourcecode.swift";
			"path" = "Sufler/Views/CameraPreview.swift";
			"sourceTree" = "SOURCE_ROOT";
		};
		"BF467B14BA8D4F9E7BC4F1DB" = {
			"isa" = "PBXFileReference";
			"lastKnownFileType" = "sourcecode.swift";
			"path" = "Sufler/Views/EditorView.swift";
			"sourceTree" = "SOURCE_ROOT";
		};
		"D828CF4EFE0A9250C98058E5" = {
			"isa" = "PBXFileReference";
			"lastKnownFileType" = "sourcecode.swift";
			"path" = "Sufler/Views/LibraryView.swift";
			"sourceTree" = "SOURCE_ROOT";
		};
		"58C98E161BECDAAC1879190F" = {
			"isa" = "PBXFileReference";
			"lastKnownFileType" = "sourcecode.swift";
			"path" = "Sufler/Views/PromptSettingsView.swift";
			"sourceTree" = "SOURCE_ROOT";
		};
		"1554E7EECB572392FC323128" = {
			"isa" = "PBXFileReference";
			"lastKnownFileType" = "sourcecode.swift";
			"path" = "Sufler/Views/PrompterView.swift";
			"sourceTree" = "SOURCE_ROOT";
		};
		"F41E12EB521F1872C2F7CFE6" = {
			"isa" = "PBXFileReference";
			"lastKnownFileType" = "sourcecode.swift";
			"path" = "Sufler/Views/RecordingView.swift";
			"sourceTree" = "SOURCE_ROOT";
		};
		"C349E67EAD905E03B24DC3D8" = {
			"isa" = "PBXFileReference";
			"lastKnownFileType" = "sourcecode.swift";
			"path" = "Sufler/Views/Style.swift";
			"sourceTree" = "SOURCE_ROOT";
		};
		"749625C81598572AF2E994AE" = {
			"isa" = "PBXFileReference";
			"lastKnownFileType" = "sourcecode.swift";
			"path" = "Sufler/Views/TakesView.swift";
			"sourceTree" = "SOURCE_ROOT";
		};
		"FFC2DBCB636E4213A1332C9F" = {
			"isa" = "PBXFileReference";
			"lastKnownFileType" = "sourcecode.swift";
			"path" = "Tests/SuflerCoreTests/MovieValidationTests.swift";
			"sourceTree" = "SOURCE_ROOT";
		};
		"69D0EB6A40547E418064315F" = {
			"isa" = "PBXFileReference";
			"lastKnownFileType" = "sourcecode.swift";
			"path" = "Tests/SuflerCoreTests/RecordingStateTests.swift";
			"sourceTree" = "SOURCE_ROOT";
		};
		"3B9B2942C91AD6308570B9ED" = {
			"isa" = "PBXFileReference";
			"lastKnownFileType" = "sourcecode.swift";
			"path" = "Tests/SuflerCoreTests/ScrollClockTests.swift";
			"sourceTree" = "SOURCE_ROOT";
		};
		"B94E365388D007A6FAFB612C" = {
			"isa" = "PBXFileReference";
			"lastKnownFileType" = "sourcecode.swift";
			"path" = "Tests/SuflerCoreTests/TakeFilesTests.swift";
			"sourceTree" = "SOURCE_ROOT";
		};
		"17CE5EFD3EAAFDBE518A57A2" = {
			"isa" = "PBXFileReference";
			"lastKnownFileType" = "sourcecode.swift";
			"path" = "Tests/SuflerStorageTests/LibraryStoreTests.swift";
			"sourceTree" = "SOURCE_ROOT";
		};
		"087979C05C4C4B6C42C8A195" = {
			"isa" = "PBXFileReference";
			"lastKnownFileType" = "folder.assetcatalog";
			"path" = "Sufler/Resources/Assets.xcassets";
			"sourceTree" = "SOURCE_ROOT";
		};
		"C5DF79AF4F96FE2F56C27CFC" = {
			"isa" = "PBXFileReference";
			"lastKnownFileType" = "text.xml";
			"path" = "Sufler/Resources/PrivacyInfo.xcprivacy";
			"sourceTree" = "SOURCE_ROOT";
		};
		"1E617DBF0CBF154E5C467FEC" = {
			"isa" = "PBXFileReference";
			"lastKnownFileType" = "text.plist.xml";
			"path" = "Sufler/Resources/Info.plist";
			"sourceTree" = "SOURCE_ROOT";
		};
		"451B78D19AC49C124F1679AF" = {
			"isa" = "PBXFileReference";
			"lastKnownFileType" = "video.quicktime";
			"path" = "Tests/SuflerStorageTests/Fixtures/valid.mov";
			"sourceTree" = "SOURCE_ROOT";
		};
		"3196EEA7BAD4C2214E80DFFE" = {
			"isa" = "PBXFileReference";
			"lastKnownFileType" = "video.quicktime";
			"path" = "Tests/SuflerCoreTests/Fixtures/no-audio.mov";
			"sourceTree" = "SOURCE_ROOT";
		};
		"A172CEDCAE47474B615C54D5" = {
			"isa" = "PBXFileReference";
			"explicitFileType" = "wrapper.application";
			"path" = "Sufler.app";
			"sourceTree" = "BUILT_PRODUCTS_DIR";
		};
		"00444E2C37DD529B70E931A2" = {
			"isa" = "PBXFileReference";
			"explicitFileType" = "wrapper.cfbundle";
			"path" = "SuflerTests.xctest";
			"sourceTree" = "BUILT_PRODUCTS_DIR";
		};
		"878A52FC5FF6A57D50B7B870" = {
			"isa" = "PBXGroup";
			"children" = ("412C9ECF0550E310C76E1955", "9964B7AE287D632CF8591FD6", "D5E7BCD93C63EC5CB130892B", "86DDCDDF95A7146711CFF325", "B2C01B32BD4D4BECFEB0FD06", "14B20EC0317B2BDC1A28C68B", "61CB77DFEC9E234358591100", "833E680574E52F08CE52700C", "AA2846E0B647654EA11A9A1E", "2C410A449BE3449548038ADF", "39868077E3911A158D76BF89", "BF467B14BA8D4F9E7BC4F1DB", "D828CF4EFE0A9250C98058E5", "58C98E161BECDAAC1879190F", "1554E7EECB572392FC323128", "F41E12EB521F1872C2F7CFE6", "C349E67EAD905E03B24DC3D8", "749625C81598572AF2E994AE",);
			"name" = "Приложение";
			"sourceTree" = "<group>";
		};
		"41D311A605520FC7B8B9A980" = {
			"isa" = "PBXGroup";
			"children" = ("087979C05C4C4B6C42C8A195", "C5DF79AF4F96FE2F56C27CFC", "1E617DBF0CBF154E5C467FEC",);
			"name" = "Ресурсы";
			"sourceTree" = "<group>";
		};
		"59830EBC3A4184110566BF1A" = {
			"isa" = "PBXGroup";
			"children" = ("FFC2DBCB636E4213A1332C9F", "69D0EB6A40547E418064315F", "3B9B2942C91AD6308570B9ED", "B94E365388D007A6FAFB612C", "17CE5EFD3EAAFDBE518A57A2", "451B78D19AC49C124F1679AF", "3196EEA7BAD4C2214E80DFFE",);
			"name" = "Тесты";
			"sourceTree" = "<group>";
		};
		"0A3E27B8CA818264D75C8D81" = {
			"isa" = "PBXGroup";
			"children" = ("A172CEDCAE47474B615C54D5", "00444E2C37DD529B70E931A2",);
			"name" = "Products";
			"sourceTree" = "<group>";
		};
		"0D6E4079E36703EBD37C0072" = {
			"isa" = "PBXGroup";
			"children" = ("878A52FC5FF6A57D50B7B870", "41D311A605520FC7B8B9A980", "59830EBC3A4184110566BF1A", "0A3E27B8CA818264D75C8D81",);
			"sourceTree" = "<group>";
		};
		"73EBF6644258C120893E685D" = {
			"isa" = "XCBuildConfiguration";
			"buildSettings" = {
				"SDKROOT" = "iphoneos";
				"IPHONEOS_DEPLOYMENT_TARGET" = "26.0";
				"SWIFT_VERSION" = "5.0";
				"SWIFT_STRICT_CONCURRENCY" = "complete";
				"CLANG_ENABLE_MODULES" = "YES";
				"CLANG_ENABLE_OBJC_ARC" = "YES";
				"ENABLE_USER_SCRIPT_SANDBOXING" = "YES";
				"LOCALIZATION_PREFERS_STRING_CATALOGS" = "YES";
				"SWIFT_OPTIMIZATION_LEVEL" = "-Onone";
				"DEBUG_INFORMATION_FORMAT" = "dwarf";
				"ENABLE_TESTABILITY" = "YES";
				"SWIFT_ACTIVE_COMPILATION_CONDITIONS" = "DEBUG $(inherited)";
				"ONLY_ACTIVE_ARCH" = "YES";
			};
			"name" = "Debug";
		};
		"0B0C687DF8B6B8DC790B519C" = {
			"isa" = "XCBuildConfiguration";
			"buildSettings" = {
				"SDKROOT" = "iphoneos";
				"IPHONEOS_DEPLOYMENT_TARGET" = "26.0";
				"SWIFT_VERSION" = "5.0";
				"SWIFT_STRICT_CONCURRENCY" = "complete";
				"CLANG_ENABLE_MODULES" = "YES";
				"CLANG_ENABLE_OBJC_ARC" = "YES";
				"ENABLE_USER_SCRIPT_SANDBOXING" = "YES";
				"LOCALIZATION_PREFERS_STRING_CATALOGS" = "YES";
				"SWIFT_OPTIMIZATION_LEVEL" = "-O";
				"DEBUG_INFORMATION_FORMAT" = "dwarf-with-dsym";
			};
			"name" = "Release";
		};
		"AAB2723FF2C8E6D1C298C1E4" = {
			"isa" = "XCConfigurationList";
			"buildConfigurations" = ("73EBF6644258C120893E685D", "0B0C687DF8B6B8DC790B519C",);
			"defaultConfigurationIsVisible" = 0;
			"defaultConfigurationName" = "Release";
		};
		"B00CCDD09424E369308D67FA" = {
			"isa" = "XCBuildConfiguration";
			"buildSettings" = {
				"PRODUCT_BUNDLE_IDENTIFIER" = "com.sufler.personal.b28c9432";
				"PRODUCT_NAME" = "$(TARGET_NAME)";
				"CODE_SIGN_STYLE" = "Automatic";
				"INFOPLIST_FILE" = "Sufler/Resources/Info.plist";
				"TARGETED_DEVICE_FAMILY" = "1";
				"SUPPORTED_PLATFORMS" = "iphoneos iphonesimulator";
				"SUPPORTS_MACCATALYST" = "NO";
				"SUPPORTS_MAC_DESIGNED_FOR_IPHONE_IPAD" = "NO";
				"MARKETING_VERSION" = "1.0.0";
				"CURRENT_PROJECT_VERSION" = "1";
				"ASSETCATALOG_COMPILER_APPICON_NAME" = "AppIcon";
				"ASSETCATALOG_COMPILER_GLOBAL_ACCENT_COLOR_NAME" = "AccentColor";
				"LD_RUNPATH_SEARCH_PATHS" = "$(inherited) @executable_path/Frameworks";
				"SWIFT_OPTIMIZATION_LEVEL" = "-Onone";
				"DEBUG_INFORMATION_FORMAT" = "dwarf";
				"ENABLE_TESTABILITY" = "YES";
				"SWIFT_ACTIVE_COMPILATION_CONDITIONS" = "DEBUG $(inherited)";
				"ONLY_ACTIVE_ARCH" = "YES";
			};
			"name" = "Debug";
		};
		"1B104479E55E37CF8A63CBDF" = {
			"isa" = "XCBuildConfiguration";
			"buildSettings" = {
				"PRODUCT_BUNDLE_IDENTIFIER" = "com.sufler.personal.b28c9432";
				"PRODUCT_NAME" = "$(TARGET_NAME)";
				"CODE_SIGN_STYLE" = "Automatic";
				"INFOPLIST_FILE" = "Sufler/Resources/Info.plist";
				"TARGETED_DEVICE_FAMILY" = "1";
				"SUPPORTED_PLATFORMS" = "iphoneos iphonesimulator";
				"SUPPORTS_MACCATALYST" = "NO";
				"SUPPORTS_MAC_DESIGNED_FOR_IPHONE_IPAD" = "NO";
				"MARKETING_VERSION" = "1.0.0";
				"CURRENT_PROJECT_VERSION" = "1";
				"ASSETCATALOG_COMPILER_APPICON_NAME" = "AppIcon";
				"ASSETCATALOG_COMPILER_GLOBAL_ACCENT_COLOR_NAME" = "AccentColor";
				"LD_RUNPATH_SEARCH_PATHS" = "$(inherited) @executable_path/Frameworks";
				"SWIFT_OPTIMIZATION_LEVEL" = "-O";
				"DEBUG_INFORMATION_FORMAT" = "dwarf-with-dsym";
			};
			"name" = "Release";
		};
		"952F4DF8105729797025EDD4" = {
			"isa" = "XCConfigurationList";
			"buildConfigurations" = ("B00CCDD09424E369308D67FA", "1B104479E55E37CF8A63CBDF",);
			"defaultConfigurationIsVisible" = 0;
			"defaultConfigurationName" = "Release";
		};
		"051853E7066F69C757A693AE" = {
			"isa" = "PBXBuildFile";
			"fileRef" = "412C9ECF0550E310C76E1955";
		};
		"2308A9A18D1208D8807218A6" = {
			"isa" = "PBXBuildFile";
			"fileRef" = "9964B7AE287D632CF8591FD6";
		};
		"7FBDFF37919BB7F33B454FD2" = {
			"isa" = "PBXBuildFile";
			"fileRef" = "D5E7BCD93C63EC5CB130892B";
		};
		"DFAADB02B8CD2F8185D8D7C5" = {
			"isa" = "PBXBuildFile";
			"fileRef" = "86DDCDDF95A7146711CFF325";
		};
		"0557932EC0E89878FECE8E7F" = {
			"isa" = "PBXBuildFile";
			"fileRef" = "B2C01B32BD4D4BECFEB0FD06";
		};
		"D0E32B162D4343A7574F8FC5" = {
			"isa" = "PBXBuildFile";
			"fileRef" = "14B20EC0317B2BDC1A28C68B";
		};
		"AB8FF23CC542C97448CF6BDE" = {
			"isa" = "PBXBuildFile";
			"fileRef" = "61CB77DFEC9E234358591100";
		};
		"6C0D6CA752E14F1989E9181B" = {
			"isa" = "PBXBuildFile";
			"fileRef" = "833E680574E52F08CE52700C";
		};
		"A1A013C7415971B8E202927A" = {
			"isa" = "PBXBuildFile";
			"fileRef" = "AA2846E0B647654EA11A9A1E";
		};
		"20994E2CE387939C48201881" = {
			"isa" = "PBXBuildFile";
			"fileRef" = "2C410A449BE3449548038ADF";
		};
		"0F33B1D02C35B1CD19193BC7" = {
			"isa" = "PBXBuildFile";
			"fileRef" = "39868077E3911A158D76BF89";
		};
		"94B0667218F8CA184F47007A" = {
			"isa" = "PBXBuildFile";
			"fileRef" = "BF467B14BA8D4F9E7BC4F1DB";
		};
		"F2F34C61F843CF145C61F8C5" = {
			"isa" = "PBXBuildFile";
			"fileRef" = "D828CF4EFE0A9250C98058E5";
		};
		"F0BFD76710F9249224C28D03" = {
			"isa" = "PBXBuildFile";
			"fileRef" = "58C98E161BECDAAC1879190F";
		};
		"8D2291531E17838713DEB295" = {
			"isa" = "PBXBuildFile";
			"fileRef" = "1554E7EECB572392FC323128";
		};
		"D24F4C6334BD1B9863347DE3" = {
			"isa" = "PBXBuildFile";
			"fileRef" = "F41E12EB521F1872C2F7CFE6";
		};
		"9AFED56C375E1F14D5E9DA10" = {
			"isa" = "PBXBuildFile";
			"fileRef" = "C349E67EAD905E03B24DC3D8";
		};
		"CA206DA19ACB09D72F241231" = {
			"isa" = "PBXBuildFile";
			"fileRef" = "749625C81598572AF2E994AE";
		};
		"D8AFF257B45D0C513672EC45" = {
			"isa" = "PBXSourcesBuildPhase";
			"buildActionMask" = 2147483647;
			"files" = ("051853E7066F69C757A693AE", "2308A9A18D1208D8807218A6", "7FBDFF37919BB7F33B454FD2", "DFAADB02B8CD2F8185D8D7C5", "0557932EC0E89878FECE8E7F", "D0E32B162D4343A7574F8FC5", "AB8FF23CC542C97448CF6BDE", "6C0D6CA752E14F1989E9181B", "A1A013C7415971B8E202927A", "20994E2CE387939C48201881", "0F33B1D02C35B1CD19193BC7", "94B0667218F8CA184F47007A", "F2F34C61F843CF145C61F8C5", "F0BFD76710F9249224C28D03", "8D2291531E17838713DEB295", "D24F4C6334BD1B9863347DE3", "9AFED56C375E1F14D5E9DA10", "CA206DA19ACB09D72F241231",);
			"runOnlyForDeploymentPostprocessing" = 0;
		};
		"91024282FFD499F5807DB5BC" = {
			"isa" = "PBXFrameworksBuildPhase";
			"buildActionMask" = 2147483647;
			"files" = ();
			"runOnlyForDeploymentPostprocessing" = 0;
		};
		"AD71F1E251751A62CE9550C3" = {
			"isa" = "PBXBuildFile";
			"fileRef" = "087979C05C4C4B6C42C8A195";
		};
		"EC57B9072277F1BD581508E7" = {
			"isa" = "PBXBuildFile";
			"fileRef" = "C5DF79AF4F96FE2F56C27CFC";
		};
		"DC549ACCB7C726C62ECFD4E2" = {
			"isa" = "PBXResourcesBuildPhase";
			"buildActionMask" = 2147483647;
			"files" = ("AD71F1E251751A62CE9550C3", "EC57B9072277F1BD581508E7",);
			"runOnlyForDeploymentPostprocessing" = 0;
		};
		"AC44A5EE06496B21A17CA082" = {
			"isa" = "PBXNativeTarget";
			"buildConfigurationList" = "952F4DF8105729797025EDD4";
			"buildPhases" = ("D8AFF257B45D0C513672EC45", "91024282FFD499F5807DB5BC", "DC549ACCB7C726C62ECFD4E2",);
			"buildRules" = ();
			"dependencies" = ();
			"name" = "Sufler";
			"productName" = "Sufler";
			"productReference" = "A172CEDCAE47474B615C54D5";
			"productType" = "com.apple.product-type.application";
		};
		"1241936D4DD3AAD68FE7BFBD" = {
			"isa" = "PBXContainerItemProxy";
			"containerPortal" = "244210E48437B6556980A702";
			"proxyType" = 1;
			"remoteGlobalIDString" = "AC44A5EE06496B21A17CA082";
			"remoteInfo" = "Sufler";
		};
		"F26350DAFE3F19AABFD69AC4" = {
			"isa" = "PBXTargetDependency";
			"target" = "AC44A5EE06496B21A17CA082";
			"targetProxy" = "1241936D4DD3AAD68FE7BFBD";
		};
		"DD3F495F7D6A5AA1C1769021" = {
			"isa" = "XCBuildConfiguration";
			"buildSettings" = {
				"PRODUCT_BUNDLE_IDENTIFIER" = "com.sufler.personal.b28c9432.tests";
				"PRODUCT_NAME" = "$(TARGET_NAME)";
				"GENERATE_INFOPLIST_FILE" = "YES";
				"CODE_SIGN_STYLE" = "Automatic";
				"TARGETED_DEVICE_FAMILY" = "1";
				"SUPPORTED_PLATFORMS" = "iphoneos iphonesimulator";
				"TEST_HOST" = "$(BUILT_PRODUCTS_DIR)/Sufler.app/Sufler";
				"BUNDLE_LOADER" = "$(TEST_HOST)";
				"LD_RUNPATH_SEARCH_PATHS" = "$(inherited) @executable_path/Frameworks @loader_path/Frameworks";
				"SWIFT_OPTIMIZATION_LEVEL" = "-Onone";
				"DEBUG_INFORMATION_FORMAT" = "dwarf";
				"ENABLE_TESTABILITY" = "YES";
				"SWIFT_ACTIVE_COMPILATION_CONDITIONS" = "DEBUG $(inherited)";
				"ONLY_ACTIVE_ARCH" = "YES";
			};
			"name" = "Debug";
		};
		"E670BC2FFE794172EBC92AE3" = {
			"isa" = "XCBuildConfiguration";
			"buildSettings" = {
				"PRODUCT_BUNDLE_IDENTIFIER" = "com.sufler.personal.b28c9432.tests";
				"PRODUCT_NAME" = "$(TARGET_NAME)";
				"GENERATE_INFOPLIST_FILE" = "YES";
				"CODE_SIGN_STYLE" = "Automatic";
				"TARGETED_DEVICE_FAMILY" = "1";
				"SUPPORTED_PLATFORMS" = "iphoneos iphonesimulator";
				"TEST_HOST" = "$(BUILT_PRODUCTS_DIR)/Sufler.app/Sufler";
				"BUNDLE_LOADER" = "$(TEST_HOST)";
				"LD_RUNPATH_SEARCH_PATHS" = "$(inherited) @executable_path/Frameworks @loader_path/Frameworks";
				"SWIFT_OPTIMIZATION_LEVEL" = "-O";
				"DEBUG_INFORMATION_FORMAT" = "dwarf-with-dsym";
			};
			"name" = "Release";
		};
		"A314C661E13AE4B085126114" = {
			"isa" = "XCConfigurationList";
			"buildConfigurations" = ("DD3F495F7D6A5AA1C1769021", "E670BC2FFE794172EBC92AE3",);
			"defaultConfigurationIsVisible" = 0;
			"defaultConfigurationName" = "Release";
		};
		"2A583C733FA084E6445B3FD2" = {
			"isa" = "PBXBuildFile";
			"fileRef" = "FFC2DBCB636E4213A1332C9F";
		};
		"28F28D1905A81A9F718EA23D" = {
			"isa" = "PBXBuildFile";
			"fileRef" = "69D0EB6A40547E418064315F";
		};
		"9FDC743A5A7832E2433CACF7" = {
			"isa" = "PBXBuildFile";
			"fileRef" = "3B9B2942C91AD6308570B9ED";
		};
		"B8AFBC740EB6C052EEEB4341" = {
			"isa" = "PBXBuildFile";
			"fileRef" = "B94E365388D007A6FAFB612C";
		};
		"1DC96CFFB47FB03E0422E7CB" = {
			"isa" = "PBXBuildFile";
			"fileRef" = "17CE5EFD3EAAFDBE518A57A2";
		};
		"B2298129A58493C45A5D7D9A" = {
			"isa" = "PBXSourcesBuildPhase";
			"buildActionMask" = 2147483647;
			"files" = ("2A583C733FA084E6445B3FD2", "28F28D1905A81A9F718EA23D", "9FDC743A5A7832E2433CACF7", "B8AFBC740EB6C052EEEB4341", "1DC96CFFB47FB03E0422E7CB",);
			"runOnlyForDeploymentPostprocessing" = 0;
		};
		"28557525D9B40FEE6754FB60" = {
			"isa" = "PBXFrameworksBuildPhase";
			"buildActionMask" = 2147483647;
			"files" = ();
			"runOnlyForDeploymentPostprocessing" = 0;
		};
		"F403EAA0DFC1B64DEEF1FE7D" = {
			"isa" = "PBXBuildFile";
			"fileRef" = "451B78D19AC49C124F1679AF";
		};
		"C3914192D76A267F6839004A" = {
			"isa" = "PBXBuildFile";
			"fileRef" = "3196EEA7BAD4C2214E80DFFE";
		};
		"3F6BC17F79ADBDD97FB52430" = {
			"isa" = "PBXResourcesBuildPhase";
			"buildActionMask" = 2147483647;
			"files" = ("F403EAA0DFC1B64DEEF1FE7D", "C3914192D76A267F6839004A",);
			"runOnlyForDeploymentPostprocessing" = 0;
		};
		"3A0C9CEF9D8F3BC090274361" = {
			"isa" = "PBXNativeTarget";
			"buildConfigurationList" = "A314C661E13AE4B085126114";
			"buildPhases" = ("B2298129A58493C45A5D7D9A", "28557525D9B40FEE6754FB60", "3F6BC17F79ADBDD97FB52430",);
			"buildRules" = ();
			"dependencies" = ("F26350DAFE3F19AABFD69AC4",);
			"name" = "SuflerTests";
			"productName" = "SuflerTests";
			"productReference" = "00444E2C37DD529B70E931A2";
			"productType" = "com.apple.product-type.bundle.unit-test";
		};
		"244210E48437B6556980A702" = {
			"isa" = "PBXProject";
			"attributes" = {
				"BuildIndependentTargetsInParallel" = "YES";
				"LastUpgradeCheck" = "2600";
				"TargetAttributes" = {
					"AC44A5EE06496B21A17CA082" = {
						"CreatedOnToolsVersion" = "26.0";
					};
					"3A0C9CEF9D8F3BC090274361" = {
						"CreatedOnToolsVersion" = "26.0";
						"TestTargetID" = "AC44A5EE06496B21A17CA082";
					};
				};
			};
			"buildConfigurationList" = "AAB2723FF2C8E6D1C298C1E4";
			"compatibilityVersion" = "Xcode 15.0";
			"developmentRegion" = "ru";
			"hasScannedForEncodings" = 0;
			"knownRegions" = ("ru", "en", "Base",);
			"mainGroup" = "0D6E4079E36703EBD37C0072";
			"productRefGroup" = "0A3E27B8CA818264D75C8D81";
			"projectDirPath" = "";
			"projectRoot" = "";
			"targets" = ("AC44A5EE06496B21A17CA082", "3A0C9CEF9D8F3BC090274361",);
		};
	};
	"rootObject" = "244210E48437B6556980A702";
}
